
Microsoft Visual Studio Solution File, Format Version 12.00
# Visual Studio Version 17
VisualStudioVersion = 17.0.31919.166
MinimumVisualStudioVersion = 10.0.40219.1
Project("{9A19103F-16F7-4668-BE54-9A1E7A4F7556}") = "RaylibStarterCS", "RaylibStarterCS\RaylibStarterCS.csproj", "{51974CDC-38DE-4311-9088-66EFC04A9B15}"
EndProject
Project("{FAE04EC0-301F-11D3-BF4B-00C04F79EFBC}") = "MathClasses", "..\C# Unit Test - Student Copy (Structs)\MathClasses\MathClasses.csproj", "{93BC4FF5-4A18-468D-A676-F62F770A6937}"
EndProject
Global
	GlobalSection(SolutionConfigurationPlatforms) = preSolution
		Debug|Any CPU = Debug|Any CPU
		Release|Any CPU = Release|Any CPU
	EndGlobalSection
	GlobalSection(ProjectConfigurationPlatforms) = postSolution
		{51974CDC-38DE-4311-9088-66EFC04A9B15}.Debug|Any CPU.ActiveCfg = Debug|Any CPU
		{51974CDC-38DE-4311-9088-66EFC04A9B15}.Debug|Any CPU.Build.0 = Debug|Any CPU
		{51974CDC-38DE-4311-9088-66EFC04A9B15}.Release|Any CPU.ActiveCfg = Release|Any CPU
		{51974CDC-38DE-4311-9088-66EFC04A9B15}.Release|Any CPU.Build.0 = Release|Any CPU
		{93BC4FF5-4A18-468D-A676-F62F770A6937}.Debug|Any CPU.ActiveCfg = Debug|Any CPU
		{93BC4FF5-4A18-468D-A676-F62F770A6937}.Debug|Any CPU.Build.0 = Debug|Any CPU
		{93BC4FF5-4A18-468D-A676-F62F770A6937}.Release|Any CPU.ActiveCfg = Release|Any CPU
		{93BC4FF5-4A18-468D-A676-F62F770A6937}.Release|Any CPU.Build.0 = Release|Any CPU
	EndGlobalSection
	GlobalSection(SolutionProperties) = preSolution
		HideSolutionNode = FALSE
	EndGlobalSection
	GlobalSection(ExtensibilityGlobals) = postSolution
		SolutionGuid = {8AE6DE71-F69A-44D2-AC84-6FE28EC2E10E}
	EndGlobalSection
EndGlobal
