
Microsoft Visual Studio Solution File, Format Version 12.00
# Visual Studio Version 17
VisualStudioVersion = 17.0.31919.166
MinimumVisualStudioVersion = 10.0.40219.1
Project("{FAE04EC0-301F-11D3-BF4B-00C04F79EFBC}") = "TextPrac", "TextPrac\TextPrac.csproj", "{093C71A7-E15A-44A3-8710-5A868393379F}"
EndProject
Global
	GlobalSection(SolutionConfigurationPlatforms) = preSolution
		Debug|Any CPU = Debug|Any CPU
		Release|Any CPU = Release|Any CPU
	EndGlobalSection
	GlobalSection(ProjectConfigurationPlatforms) = postSolution
		{093C71A7-E15A-44A3-8710-5A868393379F}.Debug|Any CPU.ActiveCfg = Debug|Any CPU
		{093C71A7-E15A-44A3-8710-5A868393379F}.Debug|Any CPU.Build.0 = Debug|Any CPU
		{093C71A7-E15A-44A3-8710-5A868393379F}.Release|Any CPU.ActiveCfg = Release|Any CPU
		{093C71A7-E15A-44A3-8710-5A868393379F}.Release|Any CPU.Build.0 = Release|Any CPU
	EndGlobalSection
	GlobalSection(SolutionProperties) = preSolution
		HideSolutionNode = FALSE
	EndGlobalSection
	GlobalSection(ExtensibilityGlobals) = postSolution
		SolutionGuid = {ECDEF63F-CB1F-4515-BB59-088F2547D5AE}
	EndGlobalSection
EndGlobal
