
Microsoft Visual Studio Solution File, Format Version 12.00
# Visual Studio Version 17
VisualStudioVersion = 17.0.31919.166
MinimumVisualStudioVersion = 10.0.40219.1
Project("{FAE04EC0-301F-11D3-BF4B-00C04F79EFBC}") = "ArrayTask1", "ArrayTask1\ArrayTask1.csproj", "{7BFA7213-B699-4530-A79B-86074763D33A}"
EndProject
Global
	GlobalSection(SolutionConfigurationPlatforms) = preSolution
		Debug|Any CPU = Debug|Any CPU
		Release|Any CPU = Release|Any CPU
	EndGlobalSection
	GlobalSection(ProjectConfigurationPlatforms) = postSolution
		{7BFA7213-B699-4530-A79B-86074763D33A}.Debug|Any CPU.ActiveCfg = Debug|Any CPU
		{7BFA7213-B699-4530-A79B-86074763D33A}.Debug|Any CPU.Build.0 = Debug|Any CPU
		{7BFA7213-B699-4530-A79B-86074763D33A}.Release|Any CPU.ActiveCfg = Release|Any CPU
		{7BFA7213-B699-4530-A79B-86074763D33A}.Release|Any CPU.Build.0 = Release|Any CPU
	EndGlobalSection
	GlobalSection(SolutionProperties) = preSolution
		HideSolutionNode = FALSE
	EndGlobalSection
	GlobalSection(ExtensibilityGlobals) = postSolution
		SolutionGuid = {2BD55D8C-9A85-4ADC-B6D9-182F29462731}
	EndGlobalSection
EndGlobal
