
Microsoft Visual Studio Solution File, Format Version 12.00
# Visual Studio Version 17
VisualStudioVersion = 17.0.31919.166
MinimumVisualStudioVersion = 10.0.40219.1
Project("{FAE04EC0-301F-11D3-BF4B-00C04F79EFBC}") = "Greetings", "Greetings\Greetings.csproj", "{60922640-60C0-49F2-B736-1E20B2A45905}"
EndProject
Global
	GlobalSection(SolutionConfigurationPlatforms) = preSolution
		Debug|Any CPU = Debug|Any CPU
		Release|Any CPU = Release|Any CPU
	EndGlobalSection
	GlobalSection(ProjectConfigurationPlatforms) = postSolution
		{60922640-60C0-49F2-B736-1E20B2A45905}.Debug|Any CPU.ActiveCfg = Debug|Any CPU
		{60922640-60C0-49F2-B736-1E20B2A45905}.Debug|Any CPU.Build.0 = Debug|Any CPU
		{60922640-60C0-49F2-B736-1E20B2A45905}.Release|Any CPU.ActiveCfg = Release|Any CPU
		{60922640-60C0-49F2-B736-1E20B2A45905}.Release|Any CPU.Build.0 = Release|Any CPU
	EndGlobalSection
	GlobalSection(SolutionProperties) = preSolution
		HideSolutionNode = FALSE
	EndGlobalSection
	GlobalSection(ExtensibilityGlobals) = postSolution
		SolutionGuid = {84EBECB6-6A59-4DD4-991F-E3233CF99551}
	EndGlobalSection
EndGlobal
